
Microsoft Visual Studio Solution File, Format Version 12.00
# Visual Studio Version 16
VisualStudioVersion = 16.0.30907.101
MinimumVisualStudioVersion = 10.0.40219.1
Project("{888888A0-9F3D-457C-B088-3A5042F75D52}") = "VigadeOtsing3", "VigadeOtsing3.pyproj", "{2F4852A4-46C5-4E45-9E2A-54DAD73217CC}"
EndProject
Global
	GlobalSection(SolutionConfigurationPlatforms) = preSolution
		Debug|Any CPU = Debug|Any CPU
		Release|Any CPU = Release|Any CPU
	EndGlobalSection
	GlobalSection(ProjectConfigurationPlatforms) = postSolution
		{2F4852A4-46C5-4E45-9E2A-54DAD73217CC}.Debug|Any CPU.ActiveCfg = Debug|Any CPU
		{2F4852A4-46C5-4E45-9E2A-54DAD73217CC}.Release|Any CPU.ActiveCfg = Release|Any CPU
	EndGlobalSection
	GlobalSection(SolutionProperties) = preSolution
		HideSolutionNode = FALSE
	EndGlobalSection
	GlobalSection(ExtensibilityGlobals) = postSolution
		SolutionGuid = {635F6F2A-119D-42F6-9578-4200260F0712}
	EndGlobalSection
EndGlobal
